
Microsoft Visual Studio Solution File, Format Version 12.00
# Visual Studio Version 16
VisualStudioVersion = 16.6.30114.105
MinimumVisualStudioVersion = 10.0.40219.1
Project("{FAE04EC0-301F-11D3-BF4B-00C04F79EFBC}") = "IgCloneMono.Api", "IgCloneMono.Api\IgCloneMono.Api.csproj", "{7556B7DF-D4F4-494B-88B2-BDD25BE0173C}"
EndProject
Project("{FAE04EC0-301F-11D3-BF4B-00C04F79EFBC}") = "IgCloneMono.UnitTests", "IgCloneMono.UnitTests\IgCloneMono.UnitTests.csproj", "{BF70731C-5B27-495B-922E-4E311742FDE5}"
EndProject
Global
	GlobalSection(SolutionConfigurationPlatforms) = preSolution
		Debug|Any CPU = Debug|Any CPU
		Debug|x64 = Debug|x64
		Debug|x86 = Debug|x86
		Release|Any CPU = Release|Any CPU
		Release|x64 = Release|x64
		Release|x86 = Release|x86
	EndGlobalSection
	GlobalSection(SolutionProperties) = preSolution
		HideSolutionNode = FALSE
	EndGlobalSection
	GlobalSection(ProjectConfigurationPlatforms) = postSolution
		{7556B7DF-D4F4-494B-88B2-BDD25BE0173C}.Debug|Any CPU.ActiveCfg = Debug|Any CPU
		{7556B7DF-D4F4-494B-88B2-BDD25BE0173C}.Debug|Any CPU.Build.0 = Debug|Any CPU
		{7556B7DF-D4F4-494B-88B2-BDD25BE0173C}.Debug|x64.ActiveCfg = Debug|Any CPU
		{7556B7DF-D4F4-494B-88B2-BDD25BE0173C}.Debug|x64.Build.0 = Debug|Any CPU
		{7556B7DF-D4F4-494B-88B2-BDD25BE0173C}.Debug|x86.ActiveCfg = Debug|Any CPU
		{7556B7DF-D4F4-494B-88B2-BDD25BE0173C}.Debug|x86.Build.0 = Debug|Any CPU
		{7556B7DF-D4F4-494B-88B2-BDD25BE0173C}.Release|Any CPU.ActiveCfg = Release|Any CPU
		{7556B7DF-D4F4-494B-88B2-BDD25BE0173C}.Release|Any CPU.Build.0 = Release|Any CPU
		{7556B7DF-D4F4-494B-88B2-BDD25BE0173C}.Release|x64.ActiveCfg = Release|Any CPU
		{7556B7DF-D4F4-494B-88B2-BDD25BE0173C}.Release|x64.Build.0 = Release|Any CPU
		{7556B7DF-D4F4-494B-88B2-BDD25BE0173C}.Release|x86.ActiveCfg = Release|Any CPU
		{7556B7DF-D4F4-494B-88B2-BDD25BE0173C}.Release|x86.Build.0 = Release|Any CPU
		{BF70731C-5B27-495B-922E-4E311742FDE5}.Debug|Any CPU.ActiveCfg = Debug|Any CPU
		{BF70731C-5B27-495B-922E-4E311742FDE5}.Debug|Any CPU.Build.0 = Debug|Any CPU
		{BF70731C-5B27-495B-922E-4E311742FDE5}.Debug|x64.ActiveCfg = Debug|Any CPU
		{BF70731C-5B27-495B-922E-4E311742FDE5}.Debug|x64.Build.0 = Debug|Any CPU
		{BF70731C-5B27-495B-922E-4E311742FDE5}.Debug|x86.ActiveCfg = Debug|Any CPU
		{BF70731C-5B27-495B-922E-4E311742FDE5}.Debug|x86.Build.0 = Debug|Any CPU
		{BF70731C-5B27-495B-922E-4E311742FDE5}.Release|Any CPU.ActiveCfg = Release|Any CPU
		{BF70731C-5B27-495B-922E-4E311742FDE5}.Release|Any CPU.Build.0 = Release|Any CPU
		{BF70731C-5B27-495B-922E-4E311742FDE5}.Release|x64.ActiveCfg = Release|Any CPU
		{BF70731C-5B27-495B-922E-4E311742FDE5}.Release|x64.Build.0 = Release|Any CPU
		{BF70731C-5B27-495B-922E-4E311742FDE5}.Release|x86.ActiveCfg = Release|Any CPU
		{BF70731C-5B27-495B-922E-4E311742FDE5}.Release|x86.Build.0 = Release|Any CPU
	EndGlobalSection
EndGlobal
